// !$*UTF8*$!
{
	archiveVersion = 1;
	classes = {
	};
	objectVersion = 50;
	objects = {

/* Begin PBXBuildFile section */
		B618DA2422E7C7DD008CEF8B /* InitSpec.swift in Sources */ = {isa = PBXBuildFile; fileRef = B618DA2322E7C7DD008CEF8B /* InitSpec.swift */; };
		B618DA2922E7CA0B008CEF8B /* Daemon.swift in Sources */ = {isa = PBXBuildFile; fileRef = B618DA2822E7CA0B008CEF8B /* Daemon.swift */; };
		B618DA5B22E7CFE0008CEF8B /* Nimble.framework in Frameworks */ = {isa = PBXBuildFile; fileRef = B618DA5522E7CFE0008CEF8B /* Nimble.framework */; };
		B618DA5D22E7CFE0008CEF8B /* Cuckoo.framework in Frameworks */ = {isa = PBXBuildFile; fileRef = B618DA5722E7CFE0008CEF8B /* Cuckoo.framework */; };
		B618DA5E22E7CFE0008CEF8B /* Quick.framework in Frameworks */ = {isa = PBXBuildFile; fileRef = B618DA5822E7CFE0008CEF8B /* Quick.framework */; };
		B618DA6022E7D000008CEF8B /* Cuckoo.framework in CopyFiles */ = {isa = PBXBuildFile; fileRef = B618DA5722E7CFE0008CEF8B /* Cuckoo.framework */; settings = {ATTRIBUTES = (CodeSignOnCopy, RemoveHeadersOnCopy, ); }; };
		B618DA6122E7D000008CEF8B /* Nimble.framework in CopyFiles */ = {isa = PBXBuildFile; fileRef = B618DA5522E7CFE0008CEF8B /* Nimble.framework */; settings = {ATTRIBUTES = (CodeSignOnCopy, RemoveHeadersOnCopy, ); }; };
		B618DA6222E7D000008CEF8B /* Quick.framework in CopyFiles */ = {isa = PBXBuildFile; fileRef = B618DA5822E7CFE0008CEF8B /* Quick.framework */; settings = {ATTRIBUTES = (CodeSignOnCopy, RemoveHeadersOnCopy, ); }; };
		B618DA6722E7D076008CEF8B /* GeneratedMocks.swift in Sources */ = {isa = PBXBuildFile; fileRef = B618DA6622E7D076008CEF8B /* GeneratedMocks.swift */; };
		B618DA6A22E7D1EE008CEF8B /* Nimble.framework in Frameworks */ = {isa = PBXBuildFile; fileRef = B618DA5522E7CFE0008CEF8B /* Nimble.framework */; };
		B618DA6B22E7D1EE008CEF8B /* Quick.framework in Frameworks */ = {isa = PBXBuildFile; fileRef = B618DA5822E7CFE0008CEF8B /* Quick.framework */; };
		B618DA6C22E7D202008CEF8B /* Nimble.framework in CopyFiles */ = {isa = PBXBuildFile; fileRef = B618DA5522E7CFE0008CEF8B /* Nimble.framework */; settings = {ATTRIBUTES = (CodeSignOnCopy, RemoveHeadersOnCopy, ); }; };
		B618DA6D22E7D202008CEF8B /* Quick.framework in CopyFiles */ = {isa = PBXBuildFile; fileRef = B618DA5822E7CFE0008CEF8B /* Quick.framework */; settings = {ATTRIBUTES = (CodeSignOnCopy, RemoveHeadersOnCopy, ); }; };
		B618DA6E22E7D206008CEF8B /* Nimble.framework.dSYM in CopyFiles */ = {isa = PBXBuildFile; fileRef = B618DA5622E7CFE0008CEF8B /* Nimble.framework.dSYM */; };
		B618DA6F22E7D206008CEF8B /* Quick.framework.dSYM in CopyFiles */ = {isa = PBXBuildFile; fileRef = B618DA5922E7CFE0008CEF8B /* Quick.framework.dSYM */; };
		B668FA1222E77BD300748C9A /* AppDelegate.swift in Sources */ = {isa = PBXBuildFile; fileRef = B668FA1122E77BD300748C9A /* AppDelegate.swift */; };
		B668FA1422E77BD300748C9A /* ViewController.swift in Sources */ = {isa = PBXBuildFile; fileRef = B668FA1322E77BD300748C9A /* ViewController.swift */; };
		B668FA1622E77BD400748C9A /* Assets.xcassets in Resources */ = {isa = PBXBuildFile; fileRef = B668FA1522E77BD400748C9A /* Assets.xcassets */; };
		B668FA1922E77BD400748C9A /* Main.storyboard in Resources */ = {isa = PBXBuildFile; fileRef = B668FA1722E77BD400748C9A /* Main.storyboard */; };
		B668FA2522E77BD400748C9A /* TunicTests.swift in Sources */ = {isa = PBXBuildFile; fileRef = B668FA2422E77BD400748C9A /* TunicTests.swift */; };
		B668FA3022E77BD400748C9A /* TunicUITests.swift in Sources */ = {isa = PBXBuildFile; fileRef = B668FA2F22E77BD400748C9A /* TunicUITests.swift */; };
		B6AE436122EA6ECC00D51B44 /* Resolver.swift in Sources */ = {isa = PBXBuildFile; fileRef = B6AE436022EA6ECC00D51B44 /* Resolver.swift */; };
		B6AE436522EA715600D51B44 /* ProcessDouble.swift in Sources */ = {isa = PBXBuildFile; fileRef = B6AE436422EA715600D51B44 /* ProcessDouble.swift */; };
		B6AE436722EA73CC00D51B44 /* ResolverSpec.swift in Sources */ = {isa = PBXBuildFile; fileRef = B6AE436622EA73CC00D51B44 /* ResolverSpec.swift */; };
/* End PBXBuildFile section */

/* Begin PBXContainerItemProxy section */
		B668FA2122E77BD400748C9A /* PBXContainerItemProxy */ = {
			isa = PBXContainerItemProxy;
			containerPortal = B668FA0622E77BD300748C9A /* Project object */;
			proxyType = 1;
			remoteGlobalIDString = B668FA0D22E77BD300748C9A;
			remoteInfo = Tunic;
		};
		B668FA2C22E77BD400748C9A /* PBXContainerItemProxy */ = {
			isa = PBXContainerItemProxy;
			containerPortal = B668FA0622E77BD300748C9A /* Project object */;
			proxyType = 1;
			remoteGlobalIDString = B668FA0D22E77BD300748C9A;
			remoteInfo = Tunic;
		};
/* End PBXContainerItemProxy section */

/* Begin PBXCopyFilesBuildPhase section */
		B618DA1322E7C387008CEF8B /* CopyFiles */ = {
			isa = PBXCopyFilesBuildPhase;
			buildActionMask = 2147483647;
			dstPath = "";
			dstSubfolderSpec = 10;
			files = (
				B618DA6022E7D000008CEF8B /* Cuckoo.framework in CopyFiles */,
				B618DA6122E7D000008CEF8B /* Nimble.framework in CopyFiles */,
				B618DA6222E7D000008CEF8B /* Quick.framework in CopyFiles */,
			);
			runOnlyForDeploymentPostprocessing = 0;
		};
		B618DA1622E7C39C008CEF8B /* CopyFiles */ = {
			isa = PBXCopyFilesBuildPhase;
			buildActionMask = 2147483647;
			dstPath = "";
			dstSubfolderSpec = 16;
			files = (
			);
			runOnlyForDeploymentPostprocessing = 0;
		};
		B618DA1D22E7C790008CEF8B /* CopyFiles */ = {
			isa = PBXCopyFilesBuildPhase;
			buildActionMask = 2147483647;
			dstPath = "";
			dstSubfolderSpec = 10;
			files = (
				B618DA6C22E7D202008CEF8B /* Nimble.framework in CopyFiles */,
				B618DA6D22E7D202008CEF8B /* Quick.framework in CopyFiles */,
			);
			runOnlyForDeploymentPostprocessing = 0;
		};
		B618DA1E22E7C792008CEF8B /* CopyFiles */ = {
			isa = PBXCopyFilesBuildPhase;
			buildActionMask = 2147483647;
			dstPath = "";
			dstSubfolderSpec = 16;
			files = (
				B618DA6E22E7D206008CEF8B /* Nimble.framework.dSYM in CopyFiles */,
				B618DA6F22E7D206008CEF8B /* Quick.framework.dSYM in CopyFiles */,
			);
			runOnlyForDeploymentPostprocessing = 0;
		};
/* End PBXCopyFilesBuildPhase section */

/* Begin PBXFileReference section */
		B618DA2322E7C7DD008CEF8B /* InitSpec.swift */ = {isa = PBXFileReference; fileEncoding = 4; lastKnownFileType = sourcecode.swift; path = InitSpec.swift; sourceTree = "<group>"; };
		B618DA2822E7CA0B008CEF8B /* Daemon.swift */ = {isa = PBXFileReference; lastKnownFileType = sourcecode.swift; path = Daemon.swift; sourceTree = "<group>"; };
		B618DA5422E7CFE0008CEF8B /* Cuckoo.framework.dSYM */ = {isa = PBXFileReference; lastKnownFileType = wrapper.dsym; name = Cuckoo.framework.dSYM; path = Build/Mac/Cuckoo.framework.dSYM; sourceTree = "<group>"; };
		B618DA5522E7CFE0008CEF8B /* Nimble.framework */ = {isa = PBXFileReference; lastKnownFileType = wrapper.framework; name = Nimble.framework; path = Build/Mac/Nimble.framework; sourceTree = "<group>"; };
		B618DA5622E7CFE0008CEF8B /* Nimble.framework.dSYM */ = {isa = PBXFileReference; lastKnownFileType = wrapper.dsym; name = Nimble.framework.dSYM; path = Build/Mac/Nimble.framework.dSYM; sourceTree = "<group>"; };
		B618DA5722E7CFE0008CEF8B /* Cuckoo.framework */ = {isa = PBXFileReference; lastKnownFileType = wrapper.framework; name = Cuckoo.framework; path = Build/Mac/Cuckoo.framework; sourceTree = "<group>"; };
		B618DA5822E7CFE0008CEF8B /* Quick.framework */ = {isa = PBXFileReference; lastKnownFileType = wrapper.framework; name = Quick.framework; path = Build/Mac/Quick.framework; sourceTree = "<group>"; };
		B618DA5922E7CFE0008CEF8B /* Quick.framework.dSYM */ = {isa = PBXFileReference; lastKnownFileType = wrapper.dsym; name = Quick.framework.dSYM; path = Build/Mac/Quick.framework.dSYM; sourceTree = "<group>"; };
		B618DA6622E7D076008CEF8B /* GeneratedMocks.swift */ = {isa = PBXFileReference; fileEncoding = 4; lastKnownFileType = sourcecode.swift; path = GeneratedMocks.swift; sourceTree = "<group>"; };
		B668FA0E22E77BD300748C9A /* Tunic.app */ = {isa = PBXFileReference; explicitFileType = wrapper.application; includeInIndex = 0; path = Tunic.app; sourceTree = BUILT_PRODUCTS_DIR; };
		B668FA1122E77BD300748C9A /* AppDelegate.swift */ = {isa = PBXFileReference; lastKnownFileType = sourcecode.swift; path = AppDelegate.swift; sourceTree = "<group>"; };
		B668FA1322E77BD300748C9A /* ViewController.swift */ = {isa = PBXFileReference; lastKnownFileType = sourcecode.swift; path = ViewController.swift; sourceTree = "<group>"; };
		B668FA1522E77BD400748C9A /* Assets.xcassets */ = {isa = PBXFileReference; lastKnownFileType = folder.assetcatalog; path = Assets.xcassets; sourceTree = "<group>"; };
		B668FA1822E77BD400748C9A /* Base */ = {isa = PBXFileReference; lastKnownFileType = file.storyboard; name = Base; path = Base.lproj/Main.storyboard; sourceTree = "<group>"; };
		B668FA1A22E77BD400748C9A /* Info.plist */ = {isa = PBXFileReference; lastKnownFileType = text.plist.xml; path = Info.plist; sourceTree = "<group>"; };
		B668FA1B22E77BD400748C9A /* Tunic.entitlements */ = {isa = PBXFileReference; lastKnownFileType = text.plist.entitlements; path = Tunic.entitlements; sourceTree = "<group>"; };
		B668FA2022E77BD400748C9A /* TunicTests.xctest */ = {isa = PBXFileReference; explicitFileType = wrapper.cfbundle; includeInIndex = 0; path = TunicTests.xctest; sourceTree = BUILT_PRODUCTS_DIR; };
		B668FA2422E77BD400748C9A /* TunicTests.swift */ = {isa = PBXFileReference; lastKnownFileType = sourcecode.swift; path = TunicTests.swift; sourceTree = "<group>"; };
		B668FA2622E77BD400748C9A /* Info.plist */ = {isa = PBXFileReference; lastKnownFileType = text.plist.xml; path = Info.plist; sourceTree = "<group>"; };
		B668FA2B22E77BD400748C9A /* TunicUITests.xctest */ = {isa = PBXFileReference; explicitFileType = wrapper.cfbundle; includeInIndex = 0; path = TunicUITests.xctest; sourceTree = BUILT_PRODUCTS_DIR; };
		B668FA2F22E77BD400748C9A /* TunicUITests.swift */ = {isa = PBXFileReference; lastKnownFileType = sourcecode.swift; path = TunicUITests.swift; sourceTree = "<group>"; };
		B668FA3122E77BD400748C9A /* Info.plist */ = {isa = PBXFileReference; lastKnownFileType = text.plist.xml; path = Info.plist; sourceTree = "<group>"; };
		B6AE436022EA6ECC00D51B44 /* Resolver.swift */ = {isa = PBXFileReference; lastKnownFileType = sourcecode.swift; path = Resolver.swift; sourceTree = "<group>"; };
		B6AE436422EA715600D51B44 /* ProcessDouble.swift */ = {isa = PBXFileReference; lastKnownFileType = sourcecode.swift; path = ProcessDouble.swift; sourceTree = "<group>"; };
		B6AE436622EA73CC00D51B44 /* ResolverSpec.swift */ = {isa = PBXFileReference; lastKnownFileType = sourcecode.swift; path = ResolverSpec.swift; sourceTree = "<group>"; };
/* End PBXFileReference section */

/* Begin PBXFrameworksBuildPhase section */
		B668FA0B22E77BD300748C9A /* Frameworks */ = {
			isa = PBXFrameworksBuildPhase;
			buildActionMask = 2147483647;
			files = (
			);
			runOnlyForDeploymentPostprocessing = 0;
		};
		B668FA1D22E77BD400748C9A /* Frameworks */ = {
			isa = PBXFrameworksBuildPhase;
			buildActionMask = 2147483647;
			files = (
				B618DA5D22E7CFE0008CEF8B /* Cuckoo.framework in Frameworks */,
				B618DA5B22E7CFE0008CEF8B /* Nimble.framework in Frameworks */,
				B618DA5E22E7CFE0008CEF8B /* Quick.framework in Frameworks */,
			);
			runOnlyForDeploymentPostprocessing = 0;
		};
		B668FA2822E77BD400748C9A /* Frameworks */ = {
			isa = PBXFrameworksBuildPhase;
			buildActionMask = 2147483647;
			files = (
				B618DA6B22E7D1EE008CEF8B /* Quick.framework in Frameworks */,
				B618DA6A22E7D1EE008CEF8B /* Nimble.framework in Frameworks */,
			);
			runOnlyForDeploymentPostprocessing = 0;
		};
/* End PBXFrameworksBuildPhase section */

/* Begin PBXGroup section */
		B618DA2522E7C986008CEF8B /* DaemonsSpec */ = {
			isa = PBXGroup;
			children = (
				B6AE436622EA73CC00D51B44 /* ResolverSpec.swift */,
			);
			path = DaemonsSpec;
			sourceTree = "<group>";
		};
		B618DA2722E7C9B6008CEF8B /* Daemons */ = {
			isa = PBXGroup;
			children = (
				B6AE436022EA6ECC00D51B44 /* Resolver.swift */,
			);
			name = Daemons;
			path = /Users/eve/workspace/Tunic/Tunic/Daemons;
			sourceTree = "<absolute>";
		};
		B618DA4322E7CCA2008CEF8B /* Injections */ = {
			isa = PBXGroup;
			children = (
				B618DA2822E7CA0B008CEF8B /* Daemon.swift */,
				B6AE436422EA715600D51B44 /* ProcessDouble.swift */,
			);
			path = Injections;
			sourceTree = "<group>";
		};
		B618DA5322E7CF3B008CEF8B /* Carthage */ = {
			isa = PBXGroup;
			children = (
				B618DA5722E7CFE0008CEF8B /* Cuckoo.framework */,
				B618DA5422E7CFE0008CEF8B /* Cuckoo.framework.dSYM */,
				B618DA5522E7CFE0008CEF8B /* Nimble.framework */,
				B618DA5622E7CFE0008CEF8B /* Nimble.framework.dSYM */,
				B618DA5822E7CFE0008CEF8B /* Quick.framework */,
				B618DA5922E7CFE0008CEF8B /* Quick.framework.dSYM */,
			);
			path = Carthage;
			sourceTree = "<group>";
		};
		B668FA0522E77BD300748C9A = {
			isa = PBXGroup;
			children = (
				B668FA1022E77BD300748C9A /* Tunic */,
				B668FA2322E77BD400748C9A /* TunicTests */,
				B668FA2E22E77BD400748C9A /* TunicUITests */,
				B668FA0F22E77BD300748C9A /* Products */,
				B618DA5322E7CF3B008CEF8B /* Carthage */,
			);
			sourceTree = "<group>";
		};
		B668FA0F22E77BD300748C9A /* Products */ = {
			isa = PBXGroup;
			children = (
				B668FA0E22E77BD300748C9A /* Tunic.app */,
				B668FA2022E77BD400748C9A /* TunicTests.xctest */,
				B668FA2B22E77BD400748C9A /* TunicUITests.xctest */,
			);
			name = Products;
			sourceTree = "<group>";
		};
		B668FA1022E77BD300748C9A /* Tunic */ = {
			isa = PBXGroup;
			children = (
				B618DA4322E7CCA2008CEF8B /* Injections */,
				B618DA2722E7C9B6008CEF8B /* Daemons */,
				B668FA1122E77BD300748C9A /* AppDelegate.swift */,
				B668FA1322E77BD300748C9A /* ViewController.swift */,
				B668FA1522E77BD400748C9A /* Assets.xcassets */,
				B668FA1722E77BD400748C9A /* Main.storyboard */,
				B668FA1A22E77BD400748C9A /* Info.plist */,
				B668FA1B22E77BD400748C9A /* Tunic.entitlements */,
			);
			path = Tunic;
			sourceTree = "<group>";
		};
		B668FA2322E77BD400748C9A /* TunicTests */ = {
			isa = PBXGroup;
			children = (
				B618DA2522E7C986008CEF8B /* DaemonsSpec */,
				B618DA6622E7D076008CEF8B /* GeneratedMocks.swift */,
				B668FA2422E77BD400748C9A /* TunicTests.swift */,
				B618DA2322E7C7DD008CEF8B /* InitSpec.swift */,
				B668FA2622E77BD400748C9A /* Info.plist */,
			);
			path = TunicTests;
			sourceTree = "<group>";
		};
		B668FA2E22E77BD400748C9A /* TunicUITests */ = {
			isa = PBXGroup;
			children = (
				B668FA2F22E77BD400748C9A /* TunicUITests.swift */,
				B668FA3122E77BD400748C9A /* Info.plist */,
			);
			path = TunicUITests;
			sourceTree = "<group>";
		};
/* End PBXGroup section */

/* Begin PBXNativeTarget section */
		B668FA0D22E77BD300748C9A /* Tunic */ = {
			isa = PBXNativeTarget;
			buildConfigurationList = B668FA3422E77BD400748C9A /* Build configuration list for PBXNativeTarget "Tunic" */;
			buildPhases = (
				B668FA0A22E77BD300748C9A /* Sources */,
				B668FA0B22E77BD300748C9A /* Frameworks */,
				B668FA0C22E77BD300748C9A /* Resources */,
			);
			buildRules = (
			);
			dependencies = (
			);
			name = Tunic;
			productName = Tunic;
			productReference = B668FA0E22E77BD300748C9A /* Tunic.app */;
			productType = "com.apple.product-type.application";
		};
		B668FA1F22E77BD400748C9A /* TunicTests */ = {
			isa = PBXNativeTarget;
			buildConfigurationList = B668FA3722E77BD400748C9A /* Build configuration list for PBXNativeTarget "TunicTests" */;
			buildPhases = (
				B618DA4022E7CBEA008CEF8B /* ShellScript */,
				B668FA1C22E77BD400748C9A /* Sources */,
				B668FA1E22E77BD400748C9A /* Resources */,
				B618DA1322E7C387008CEF8B /* CopyFiles */,
				B618DA1622E7C39C008CEF8B /* CopyFiles */,
				B668FA1D22E77BD400748C9A /* Frameworks */,
			);
			buildRules = (
			);
			dependencies = (
				B668FA2222E77BD400748C9A /* PBXTargetDependency */,
			);
			name = TunicTests;
			productName = TunicTests;
			productReference = B668FA2022E77BD400748C9A /* TunicTests.xctest */;
			productType = "com.apple.product-type.bundle.unit-test";
		};
		B668FA2A22E77BD400748C9A /* TunicUITests */ = {
			isa = PBXNativeTarget;
			buildConfigurationList = B668FA3A22E77BD400748C9A /* Build configuration list for PBXNativeTarget "TunicUITests" */;
			buildPhases = (
				B668FA2722E77BD400748C9A /* Sources */,
				B668FA2822E77BD400748C9A /* Frameworks */,
				B668FA2922E77BD400748C9A /* Resources */,
				B618DA1D22E7C790008CEF8B /* CopyFiles */,
				B618DA1E22E7C792008CEF8B /* CopyFiles */,
			);
			buildRules = (
			);
			dependencies = (
				B668FA2D22E77BD400748C9A /* PBXTargetDependency */,
			);
			name = TunicUITests;
			productName = TunicUITests;
			productReference = B668FA2B22E77BD400748C9A /* TunicUITests.xctest */;
			productType = "com.apple.product-type.bundle.ui-testing";
		};
/* End PBXNativeTarget section */

/* Begin PBXProject section */
		B668FA0622E77BD300748C9A /* Project object */ = {
			isa = PBXProject;
			attributes = {
				LastSwiftUpdateCheck = 1030;
				LastUpgradeCheck = 1030;
				ORGANIZATIONNAME = "The Better Fish Orchestra";
				TargetAttributes = {
					B668FA0D22E77BD300748C9A = {
						CreatedOnToolsVersion = 10.3;
					};
					B668FA1F22E77BD400748C9A = {
						CreatedOnToolsVersion = 10.3;
						TestTargetID = B668FA0D22E77BD300748C9A;
					};
					B668FA2A22E77BD400748C9A = {
						CreatedOnToolsVersion = 10.3;
						TestTargetID = B668FA0D22E77BD300748C9A;
					};
				};
			};
			buildConfigurationList = B668FA0922E77BD300748C9A /* Build configuration list for PBXProject "Tunic" */;
			compatibilityVersion = "Xcode 9.3";
			developmentRegion = en;
			hasScannedForEncodings = 0;
			knownRegions = (
				en,
				Base,
			);
			mainGroup = B668FA0522E77BD300748C9A;
			productRefGroup = B668FA0F22E77BD300748C9A /* Products */;
			projectDirPath = "";
			projectRoot = "";
			targets = (
				B668FA0D22E77BD300748C9A /* Tunic */,
				B668FA1F22E77BD400748C9A /* TunicTests */,
				B668FA2A22E77BD400748C9A /* TunicUITests */,
			);
		};
/* End PBXProject section */

/* Begin PBXResourcesBuildPhase section */
		B668FA0C22E77BD300748C9A /* Resources */ = {
			isa = PBXResourcesBuildPhase;
			buildActionMask = 2147483647;
			files = (
				B668FA1622E77BD400748C9A /* Assets.xcassets in Resources */,
				B668FA1922E77BD400748C9A /* Main.storyboard in Resources */,
			);
			runOnlyForDeploymentPostprocessing = 0;
		};
		B668FA1E22E77BD400748C9A /* Resources */ = {
			isa = PBXResourcesBuildPhase;
			buildActionMask = 2147483647;
			files = (
			);
			runOnlyForDeploymentPostprocessing = 0;
		};
		B668FA2922E77BD400748C9A /* Resources */ = {
			isa = PBXResourcesBuildPhase;
			buildActionMask = 2147483647;
			files = (
			);
			runOnlyForDeploymentPostprocessing = 0;
		};
/* End PBXResourcesBuildPhase section */

/* Begin PBXShellScriptBuildPhase section */
		B618DA4022E7CBEA008CEF8B /* ShellScript */ = {
			isa = PBXShellScriptBuildPhase;
			buildActionMask = 2147483647;
			files = (
			);
			inputFileListPaths = (
			);
			inputPaths = (
			);
			outputFileListPaths = (
			);
			outputPaths = (
			);
			runOnlyForDeploymentPostprocessing = 0;
			shellPath = /bin/sh;
			shellScript = "# Type a script or drag a script file from your workspace to insert its path.\n# Define output file. Change \"${PROJECT_DIR}/${PROJECT_NAME}Tests\" to your test's root source folder, if it's not the default name.\nOUTPUT_FILE=\"${PROJECT_DIR}/${PROJECT_NAME}Tests/GeneratedMocks.swift\"\necho \"Generated Mocks File = ${OUTPUT_FILE}\"\n\n# Define input directory. Change \"${PROJECT_DIR}/${PROJECT_NAME}\" to your project's root source folder, if it's not the default name.\nINPUT_DIR=\"${PROJECT_DIR}/${PROJECT_NAME}\"\necho \"Mocks Input Directory = ${INPUT_DIR}\"\n\n# Generate mock files, include as many input files as you'd like to create mocks for.\nCarthage/Checkouts/Cuckoo/run generate --testable \"${PROJECT_NAME}\" \\\n--output \"${OUTPUT_FILE}\" \\\n\"${INPUT_DIR}\"/Injections/*\n# ... and so forth, the last line should never end with a backslash\n\n# After running once, locate `GeneratedMocks.swift` and drag it into your Xcode test target group.\n";
		};
/* End PBXShellScriptBuildPhase section */

/* Begin PBXSourcesBuildPhase section */
		B668FA0A22E77BD300748C9A /* Sources */ = {
			isa = PBXSourcesBuildPhase;
			buildActionMask = 2147483647;
			files = (
				B668FA1422E77BD300748C9A /* ViewController.swift in Sources */,
				B618DA2922E7CA0B008CEF8B /* Daemon.swift in Sources */,
				B6AE436522EA715600D51B44 /* ProcessDouble.swift in Sources */,
				B668FA1222E77BD300748C9A /* AppDelegate.swift in Sources */,
				B6AE436122EA6ECC00D51B44 /* Resolver.swift in Sources */,
			);
			runOnlyForDeploymentPostprocessing = 0;
		};
		B668FA1C22E77BD400748C9A /* Sources */ = {
			isa = PBXSourcesBuildPhase;
			buildActionMask = 2147483647;
			files = (
				B618DA2422E7C7DD008CEF8B /* InitSpec.swift in Sources */,
				B618DA6722E7D076008CEF8B /* GeneratedMocks.swift in Sources */,
				B6AE436722EA73CC00D51B44 /* ResolverSpec.swift in Sources */,
				B668FA2522E77BD400748C9A /* TunicTests.swift in Sources */,
			);
			runOnlyForDeploymentPostprocessing = 0;
		};
		B668FA2722E77BD400748C9A /* Sources */ = {
			isa = PBXSourcesBuildPhase;
			buildActionMask = 2147483647;
			files = (
				B668FA3022E77BD400748C9A /* TunicUITests.swift in Sources */,
			);
			runOnlyForDeploymentPostprocessing = 0;
		};
/* End PBXSourcesBuildPhase section */

/* Begin PBXTargetDependency section */
		B668FA2222E77BD400748C9A /* PBXTargetDependency */ = {
			isa = PBXTargetDependency;
			target = B668FA0D22E77BD300748C9A /* Tunic */;
			targetProxy = B668FA2122E77BD400748C9A /* PBXContainerItemProxy */;
		};
		B668FA2D22E77BD400748C9A /* PBXTargetDependency */ = {
			isa = PBXTargetDependency;
			target = B668FA0D22E77BD300748C9A /* Tunic */;
			targetProxy = B668FA2C22E77BD400748C9A /* PBXContainerItemProxy */;
		};
/* End PBXTargetDependency section */

/* Begin PBXVariantGroup section */
		B668FA1722E77BD400748C9A /* Main.storyboard */ = {
			isa = PBXVariantGroup;
			children = (
				B668FA1822E77BD400748C9A /* Base */,
			);
			name = Main.storyboard;
			sourceTree = "<group>";
		};
/* End PBXVariantGroup section */

/* Begin XCBuildConfiguration section */
		B668FA3222E77BD400748C9A /* Debug */ = {
			isa = XCBuildConfiguration;
			buildSettings = {
				ALWAYS_SEARCH_USER_PATHS = NO;
				CLANG_ANALYZER_NONNULL = YES;
				CLANG_ANALYZER_NUMBER_OBJECT_CONVERSION = YES_AGGRESSIVE;
				CLANG_CXX_LANGUAGE_STANDARD = "gnu++14";
				CLANG_CXX_LIBRARY = "libc++";
				CLANG_ENABLE_MODULES = YES;
				CLANG_ENABLE_OBJC_ARC = YES;
				CLANG_ENABLE_OBJC_WEAK = YES;
				CLANG_WARN_BLOCK_CAPTURE_AUTORELEASING = YES;
				CLANG_WARN_BOOL_CONVERSION = YES;
				CLANG_WARN_COMMA = YES;
				CLANG_WARN_CONSTANT_CONVERSION = YES;
				CLANG_WARN_DEPRECATED_OBJC_IMPLEMENTATIONS = YES;
				CLANG_WARN_DIRECT_OBJC_ISA_USAGE = YES_ERROR;
				CLANG_WARN_DOCUMENTATION_COMMENTS = YES;
				CLANG_WARN_EMPTY_BODY = YES;
				CLANG_WARN_ENUM_CONVERSION = YES;
				CLANG_WARN_INFINITE_RECURSION = YES;
				CLANG_WARN_INT_CONVERSION = YES;
				CLANG_WARN_NON_LITERAL_NULL_CONVERSION = YES;
				CLANG_WARN_OBJC_IMPLICIT_RETAIN_SELF = YES;
				CLANG_WARN_OBJC_LITERAL_CONVERSION = YES;
				CLANG_WARN_OBJC_ROOT_CLASS = YES_ERROR;
				CLANG_WARN_RANGE_LOOP_ANALYSIS = YES;
				CLANG_WARN_STRICT_PROTOTYPES = YES;
				CLANG_WARN_SUSPICIOUS_MOVE = YES;
				CLANG_WARN_UNGUARDED_AVAILABILITY = YES_AGGRESSIVE;
				CLANG_WARN_UNREACHABLE_CODE = YES;
				CLANG_WARN__DUPLICATE_METHOD_MATCH = YES;
				CODE_SIGN_IDENTITY = "-";
				COPY_PHASE_STRIP = NO;
				DEBUG_INFORMATION_FORMAT = dwarf;
				ENABLE_STRICT_OBJC_MSGSEND = YES;
				ENABLE_TESTABILITY = YES;
				GCC_C_LANGUAGE_STANDARD = gnu11;
				GCC_DYNAMIC_NO_PIC = NO;
				GCC_NO_COMMON_BLOCKS = YES;
				GCC_OPTIMIZATION_LEVEL = 0;
				GCC_PREPROCESSOR_DEFINITIONS = (
					"DEBUG=1",
					"$(inherited)",
				);
				GCC_WARN_64_TO_32_BIT_CONVERSION = YES;
				GCC_WARN_ABOUT_RETURN_TYPE = YES_ERROR;
				GCC_WARN_UNDECLARED_SELECTOR = YES;
				GCC_WARN_UNINITIALIZED_AUTOS = YES_AGGRESSIVE;
				GCC_WARN_UNUSED_FUNCTION = YES;
				GCC_WARN_UNUSED_VARIABLE = YES;
				MACOSX_DEPLOYMENT_TARGET = 10.14;
				MTL_ENABLE_DEBUG_INFO = INCLUDE_SOURCE;
				MTL_FAST_MATH = YES;
				ONLY_ACTIVE_ARCH = YES;
				SDKROOT = macosx;
				SWIFT_ACTIVE_COMPILATION_CONDITIONS = DEBUG;
				SWIFT_OPTIMIZATION_LEVEL = "-Onone";
			};
			name = Debug;
		};
		B668FA3322E77BD400748C9A /* Release */ = {
			isa = XCBuildConfiguration;
			buildSettings = {
				ALWAYS_SEARCH_USER_PATHS = NO;
				CLANG_ANALYZER_NONNULL = YES;
				CLANG_ANALYZER_NUMBER_OBJECT_CONVERSION = YES_AGGRESSIVE;
				CLANG_CXX_LANGUAGE_STANDARD = "gnu++14";
				CLANG_CXX_LIBRARY = "libc++";
				CLANG_ENABLE_MODULES = YES;
				CLANG_ENABLE_OBJC_ARC = YES;
				CLANG_ENABLE_OBJC_WEAK = YES;
				CLANG_WARN_BLOCK_CAPTURE_AUTORELEASING = YES;
				CLANG_WARN_BOOL_CONVERSION = YES;
				CLANG_WARN_COMMA = YES;
				CLANG_WARN_CONSTANT_CONVERSION = YES;
				CLANG_WARN_DEPRECATED_OBJC_IMPLEMENTATIONS = YES;
				CLANG_WARN_DIRECT_OBJC_ISA_USAGE = YES_ERROR;
				CLANG_WARN_DOCUMENTATION_COMMENTS = YES;
				CLANG_WARN_EMPTY_BODY = YES;
				CLANG_WARN_ENUM_CONVERSION = YES;
				CLANG_WARN_INFINITE_RECURSION = YES;
				CLANG_WARN_INT_CONVERSION = YES;
				CLANG_WARN_NON_LITERAL_NULL_CONVERSION = YES;
				CLANG_WARN_OBJC_IMPLICIT_RETAIN_SELF = YES;
				CLANG_WARN_OBJC_LITERAL_CONVERSION = YES;
				CLANG_WARN_OBJC_ROOT_CLASS = YES_ERROR;
				CLANG_WARN_RANGE_LOOP_ANALYSIS = YES;
				CLANG_WARN_STRICT_PROTOTYPES = YES;
				CLANG_WARN_SUSPICIOUS_MOVE = YES;
				CLANG_WARN_UNGUARDED_AVAILABILITY = YES_AGGRESSIVE;
				CLANG_WARN_UNREACHABLE_CODE = YES;
				CLANG_WARN__DUPLICATE_METHOD_MATCH = YES;
				CODE_SIGN_IDENTITY = "-";
				COPY_PHASE_STRIP = NO;
				DEBUG_INFORMATION_FORMAT = "dwarf-with-dsym";
				ENABLE_NS_ASSERTIONS = NO;
				ENABLE_STRICT_OBJC_MSGSEND = YES;
				GCC_C_LANGUAGE_STANDARD = gnu11;
				GCC_NO_COMMON_BLOCKS = YES;
				GCC_WARN_64_TO_32_BIT_CONVERSION = YES;
				GCC_WARN_ABOUT_RETURN_TYPE = YES_ERROR;
				GCC_WARN_UNDECLARED_SELECTOR = YES;
				GCC_WARN_UNINITIALIZED_AUTOS = YES_AGGRESSIVE;
				GCC_WARN_UNUSED_FUNCTION = YES;
				GCC_WARN_UNUSED_VARIABLE = YES;
				MACOSX_DEPLOYMENT_TARGET = 10.14;
				MTL_ENABLE_DEBUG_INFO = NO;
				MTL_FAST_MATH = YES;
				SDKROOT = macosx;
				SWIFT_COMPILATION_MODE = wholemodule;
				SWIFT_OPTIMIZATION_LEVEL = "-O";
			};
			name = Release;
		};
		B668FA3522E77BD400748C9A /* Debug */ = {
			isa = XCBuildConfiguration;
			buildSettings = {
				ASSETCATALOG_COMPILER_APPICON_NAME = AppIcon;
				CODE_SIGN_ENTITLEMENTS = Tunic/Tunic.entitlements;
				CODE_SIGN_IDENTITY = "Mac Developer";
				CODE_SIGN_STYLE = Automatic;
				COMBINE_HIDPI_IMAGES = YES;
				DEVELOPMENT_TEAM = DNSK39LHWX;
				FRAMEWORK_SEARCH_PATHS = (
					"$(inherited)",
					"$(PROJECT_DIR)/Carthage/Build/Mac",
				);
				INFOPLIST_FILE = Tunic/Info.plist;
				LD_RUNPATH_SEARCH_PATHS = (
					"$(inherited)",
					"@executable_path/../Frameworks",
				);
				PRODUCT_BUNDLE_IDENTIFIER = com.betterfish.Tunic;
				PRODUCT_NAME = "$(TARGET_NAME)";
				PROVISIONING_PROFILE_SPECIFIER = "";
				SWIFT_VERSION = 5.0;
			};
			name = Debug;
		};
		B668FA3622E77BD400748C9A /* Release */ = {
			isa = XCBuildConfiguration;
			buildSettings = {
				ASSETCATALOG_COMPILER_APPICON_NAME = AppIcon;
				CODE_SIGN_ENTITLEMENTS = Tunic/Tunic.entitlements;
				CODE_SIGN_IDENTITY = "Mac Developer";
				CODE_SIGN_STYLE = Automatic;
				COMBINE_HIDPI_IMAGES = YES;
				DEVELOPMENT_TEAM = DNSK39LHWX;
				FRAMEWORK_SEARCH_PATHS = (
					"$(inherited)",
					"$(PROJECT_DIR)/Carthage/Build/Mac",
				);
				INFOPLIST_FILE = Tunic/Info.plist;
				LD_RUNPATH_SEARCH_PATHS = (
					"$(inherited)",
					"@executable_path/../Frameworks",
				);
				PRODUCT_BUNDLE_IDENTIFIER = com.betterfish.Tunic;
				PRODUCT_NAME = "$(TARGET_NAME)";
				PROVISIONING_PROFILE_SPECIFIER = "";
				SWIFT_VERSION = 5.0;
			};
			name = Release;
		};
		B668FA3822E77BD400748C9A /* Debug */ = {
			isa = XCBuildConfiguration;
			buildSettings = {
				ALWAYS_EMBED_SWIFT_STANDARD_LIBRARIES = YES;
				BUNDLE_LOADER = "$(TEST_HOST)";
				CODE_SIGN_IDENTITY = "Mac Developer";
				CODE_SIGN_STYLE = Automatic;
				COMBINE_HIDPI_IMAGES = YES;
				DEVELOPMENT_TEAM = DNSK39LHWX;
				FRAMEWORK_SEARCH_PATHS = (
					"$(inherited)",
					"$(PROJECT_DIR)/Carthage/Build/Mac",
				);
				INFOPLIST_FILE = TunicTests/Info.plist;
				LD_RUNPATH_SEARCH_PATHS = (
					"$(inherited)",
					"@executable_path/../Frameworks",
					"@loader_path/../Frameworks",
				);
				PRODUCT_BUNDLE_IDENTIFIER = com.betterfish.TunicTests;
				PRODUCT_NAME = "$(TARGET_NAME)";
				PROVISIONING_PROFILE_SPECIFIER = "";
				SWIFT_VERSION = 5.0;
				TEST_HOST = "$(BUILT_PRODUCTS_DIR)/Tunic.app/Contents/MacOS/Tunic";
			};
			name = Debug;
		};
		B668FA3922E77BD400748C9A /* Release */ = {
			isa = XCBuildConfiguration;
			buildSettings = {
				ALWAYS_EMBED_SWIFT_STANDARD_LIBRARIES = YES;
				BUNDLE_LOADER = "$(TEST_HOST)";
				CODE_SIGN_IDENTITY = "Mac Developer";
				CODE_SIGN_STYLE = Automatic;
				COMBINE_HIDPI_IMAGES = YES;
				DEVELOPMENT_TEAM = DNSK39LHWX;
				FRAMEWORK_SEARCH_PATHS = (
					"$(inherited)",
					"$(PROJECT_DIR)/Carthage/Build/Mac",
				);
				INFOPLIST_FILE = TunicTests/Info.plist;
				LD_RUNPATH_SEARCH_PATHS = (
					"$(inherited)",
					"@executable_path/../Frameworks",
					"@loader_path/../Frameworks",
				);
				PRODUCT_BUNDLE_IDENTIFIER = com.betterfish.TunicTests;
				PRODUCT_NAME = "$(TARGET_NAME)";
				PROVISIONING_PROFILE_SPECIFIER = "";
				SWIFT_VERSION = 5.0;
				TEST_HOST = "$(BUILT_PRODUCTS_DIR)/Tunic.app/Contents/MacOS/Tunic";
			};
			name = Release;
		};
		B668FA3B22E77BD400748C9A /* Debug */ = {
			isa = XCBuildConfiguration;
			buildSettings = {
				ALWAYS_EMBED_SWIFT_STANDARD_LIBRARIES = YES;
				CODE_SIGN_IDENTITY = "Mac Developer";
				CODE_SIGN_STYLE = Automatic;
				COMBINE_HIDPI_IMAGES = YES;
				DEVELOPMENT_TEAM = DNSK39LHWX;
				FRAMEWORK_SEARCH_PATHS = (
					"$(inherited)",
					"$(PROJECT_DIR)/Carthage/Build/Mac",
				);
				INFOPLIST_FILE = TunicUITests/Info.plist;
				LD_RUNPATH_SEARCH_PATHS = (
					"$(inherited)",
					"@executable_path/../Frameworks",
					"@loader_path/../Frameworks",
				);
				PRODUCT_BUNDLE_IDENTIFIER = com.betterfish.TunicUITests;
				PRODUCT_NAME = "$(TARGET_NAME)";
				PROVISIONING_PROFILE_SPECIFIER = "";
				SWIFT_VERSION = 5.0;
				TEST_TARGET_NAME = Tunic;
			};
			name = Debug;
		};
		B668FA3C22E77BD400748C9A /* Release */ = {
			isa = XCBuildConfiguration;
			buildSettings = {
				ALWAYS_EMBED_SWIFT_STANDARD_LIBRARIES = YES;
				CODE_SIGN_IDENTITY = "Mac Developer";
				CODE_SIGN_STYLE = Automatic;
				COMBINE_HIDPI_IMAGES = YES;
				DEVELOPMENT_TEAM = DNSK39LHWX;
				FRAMEWORK_SEARCH_PATHS = (
					"$(inherited)",
					"$(PROJECT_DIR)/Carthage/Build/Mac",
				);
				INFOPLIST_FILE = TunicUITests/Info.plist;
				LD_RUNPATH_SEARCH_PATHS = (
					"$(inherited)",
					"@executable_path/../Frameworks",
					"@loader_path/../Frameworks",
				);
				PRODUCT_BUNDLE_IDENTIFIER = com.betterfish.TunicUITests;
				PRODUCT_NAME = "$(TARGET_NAME)";
				PROVISIONING_PROFILE_SPECIFIER = "";
				SWIFT_VERSION = 5.0;
				TEST_TARGET_NAME = Tunic;
			};
			name = Release;
		};
/* End XCBuildConfiguration section */

/* Begin XCConfigurationList section */
		B668FA0922E77BD300748C9A /* Build configuration list for PBXProject "Tunic" */ = {
			isa = XCConfigurationList;
			buildConfigurations = (
				B668FA3222E77BD400748C9A /* Debug */,
				B668FA3322E77BD400748C9A /* Release */,
			);
			defaultConfigurationIsVisible = 0;
			defaultConfigurationName = Release;
		};
		B668FA3422E77BD400748C9A /* Build configuration list for PBXNativeTarget "Tunic" */ = {
			isa = XCConfigurationList;
			buildConfigurations = (
				B668FA3522E77BD400748C9A /* Debug */,
				B668FA3622E77BD400748C9A /* Release */,
			);
			defaultConfigurationIsVisible = 0;
			defaultConfigurationName = Release;
		};
		B668FA3722E77BD400748C9A /* Build configuration list for PBXNativeTarget "TunicTests" */ = {
			isa = XCConfigurationList;
			buildConfigurations = (
				B668FA3822E77BD400748C9A /* Debug */,
				B668FA3922E77BD400748C9A /* Release */,
			);
			defaultConfigurationIsVisible = 0;
			defaultConfigurationName = Release;
		};
		B668FA3A22E77BD400748C9A /* Build configuration list for PBXNativeTarget "TunicUITests" */ = {
			isa = XCConfigurationList;
			buildConfigurations = (
				B668FA3B22E77BD400748C9A /* Debug */,
				B668FA3C22E77BD400748C9A /* Release */,
			);
			defaultConfigurationIsVisible = 0;
			defaultConfigurationName = Release;
		};
/* End XCConfigurationList section */
	};
	rootObject = B668FA0622E77BD300748C9A /* Project object */;
}
