// !$*UTF8*$!
{
	archiveVersion = 1;
	classes = {
	};
	objectVersion = 50;
	objects = {

/* Begin PBXBuildFile section */
		B6DFCCC922E776A400881439 /* AppDelegate.swift in Sources */ = {isa = PBXBuildFile; fileRef = B6DFCCC822E776A400881439 /* AppDelegate.swift */; };
		B6DFCCCB22E776A400881439 /* ViewController.swift in Sources */ = {isa = PBXBuildFile; fileRef = B6DFCCCA22E776A400881439 /* ViewController.swift */; };
		B6DFCCCE22E776A400881439 /* Main.storyboard in Resources */ = {isa = PBXBuildFile; fileRef = B6DFCCCC22E776A400881439 /* Main.storyboard */; };
		B6DFCCD022E776A500881439 /* Assets.xcassets in Resources */ = {isa = PBXBuildFile; fileRef = B6DFCCCF22E776A500881439 /* Assets.xcassets */; };
		B6DFCCD322E776A500881439 /* LaunchScreen.storyboard in Resources */ = {isa = PBXBuildFile; fileRef = B6DFCCD122E776A500881439 /* LaunchScreen.storyboard */; };
		B6DFCCDE22E776A500881439 /* TunicTests.swift in Sources */ = {isa = PBXBuildFile; fileRef = B6DFCCDD22E776A500881439 /* TunicTests.swift */; };
		B6DFCCE922E776A500881439 /* TunicUITests.swift in Sources */ = {isa = PBXBuildFile; fileRef = B6DFCCE822E776A500881439 /* TunicUITests.swift */; };
/* End PBXBuildFile section */

/* Begin PBXContainerItemProxy section */
		B6DFCCDA22E776A500881439 /* PBXContainerItemProxy */ = {
			isa = PBXContainerItemProxy;
			containerPortal = B6DFCCBD22E776A400881439 /* Project object */;
			proxyType = 1;
			remoteGlobalIDString = B6DFCCC422E776A400881439;
			remoteInfo = Tunic;
		};
		B6DFCCE522E776A500881439 /* PBXContainerItemProxy */ = {
			isa = PBXContainerItemProxy;
			containerPortal = B6DFCCBD22E776A400881439 /* Project object */;
			proxyType = 1;
			remoteGlobalIDString = B6DFCCC422E776A400881439;
			remoteInfo = Tunic;
		};
/* End PBXContainerItemProxy section */

/* Begin PBXFileReference section */
		B6DFCCC522E776A400881439 /* Tunic.app */ = {isa = PBXFileReference; explicitFileType = wrapper.application; includeInIndex = 0; path = Tunic.app; sourceTree = BUILT_PRODUCTS_DIR; };
		B6DFCCC822E776A400881439 /* AppDelegate.swift */ = {isa = PBXFileReference; lastKnownFileType = sourcecode.swift; path = AppDelegate.swift; sourceTree = "<group>"; };
		B6DFCCCA22E776A400881439 /* ViewController.swift */ = {isa = PBXFileReference; lastKnownFileType = sourcecode.swift; path = ViewController.swift; sourceTree = "<group>"; };
		B6DFCCCD22E776A400881439 /* Base */ = {isa = PBXFileReference; lastKnownFileType = file.storyboard; name = Base; path = Base.lproj/Main.storyboard; sourceTree = "<group>"; };
		B6DFCCCF22E776A500881439 /* Assets.xcassets */ = {isa = PBXFileReference; lastKnownFileType = folder.assetcatalog; path = Assets.xcassets; sourceTree = "<group>"; };
		B6DFCCD222E776A500881439 /* Base */ = {isa = PBXFileReference; lastKnownFileType = file.storyboard; name = Base; path = Base.lproj/LaunchScreen.storyboard; sourceTree = "<group>"; };
		B6DFCCD422E776A500881439 /* Info.plist */ = {isa = PBXFileReference; lastKnownFileType = text.plist.xml; path = Info.plist; sourceTree = "<group>"; };
		B6DFCCD922E776A500881439 /* TunicTests.xctest */ = {isa = PBXFileReference; explicitFileType = wrapper.cfbundle; includeInIndex = 0; path = TunicTests.xctest; sourceTree = BUILT_PRODUCTS_DIR; };
		B6DFCCDD22E776A500881439 /* TunicTests.swift */ = {isa = PBXFileReference; lastKnownFileType = sourcecode.swift; path = TunicTests.swift; sourceTree = "<group>"; };
		B6DFCCDF22E776A500881439 /* Info.plist */ = {isa = PBXFileReference; lastKnownFileType = text.plist.xml; path = Info.plist; sourceTree = "<group>"; };
		B6DFCCE422E776A500881439 /* TunicUITests.xctest */ = {isa = PBXFileReference; explicitFileType = wrapper.cfbundle; includeInIndex = 0; path = TunicUITests.xctest; sourceTree = BUILT_PRODUCTS_DIR; };
		B6DFCCE822E776A500881439 /* TunicUITests.swift */ = {isa = PBXFileReference; lastKnownFileType = sourcecode.swift; path = TunicUITests.swift; sourceTree = "<group>"; };
		B6DFCCEA22E776A500881439 /* Info.plist */ = {isa = PBXFileReference; lastKnownFileType = text.plist.xml; path = Info.plist; sourceTree = "<group>"; };
/* End PBXFileReference section */

/* Begin PBXFrameworksBuildPhase section */
		B6DFCCC222E776A400881439 /* Frameworks */ = {
			isa = PBXFrameworksBuildPhase;
			buildActionMask = 2147483647;
			files = (
			);
			runOnlyForDeploymentPostprocessing = 0;
		};
		B6DFCCD622E776A500881439 /* Frameworks */ = {
			isa = PBXFrameworksBuildPhase;
			buildActionMask = 2147483647;
			files = (
			);
			runOnlyForDeploymentPostprocessing = 0;
		};
		B6DFCCE122E776A500881439 /* Frameworks */ = {
			isa = PBXFrameworksBuildPhase;
			buildActionMask = 2147483647;
			files = (
			);
			runOnlyForDeploymentPostprocessing = 0;
		};
/* End PBXFrameworksBuildPhase section */

/* Begin PBXGroup section */
		B6DFCCBC22E776A400881439 = {
			isa = PBXGroup;
			children = (
				B6DFCCC722E776A400881439 /* Tunic */,
				B6DFCCDC22E776A500881439 /* TunicTests */,
				B6DFCCE722E776A500881439 /* TunicUITests */,
				B6DFCCC622E776A400881439 /* Products */,
			);
			sourceTree = "<group>";
		};
		B6DFCCC622E776A400881439 /* Products */ = {
			isa = PBXGroup;
			children = (
				B6DFCCC522E776A400881439 /* Tunic.app */,
				B6DFCCD922E776A500881439 /* TunicTests.xctest */,
				B6DFCCE422E776A500881439 /* TunicUITests.xctest */,
			);
			name = Products;
			sourceTree = "<group>";
		};
		B6DFCCC722E776A400881439 /* Tunic */ = {
			isa = PBXGroup;
			children = (
				B6DFCCC822E776A400881439 /* AppDelegate.swift */,
				B6DFCCCA22E776A400881439 /* ViewController.swift */,
				B6DFCCCC22E776A400881439 /* Main.storyboard */,
				B6DFCCCF22E776A500881439 /* Assets.xcassets */,
				B6DFCCD122E776A500881439 /* LaunchScreen.storyboard */,
				B6DFCCD422E776A500881439 /* Info.plist */,
			);
			path = Tunic;
			sourceTree = "<group>";
		};
		B6DFCCDC22E776A500881439 /* TunicTests */ = {
			isa = PBXGroup;
			children = (
				B6DFCCDD22E776A500881439 /* TunicTests.swift */,
				B6DFCCDF22E776A500881439 /* Info.plist */,
			);
			path = TunicTests;
			sourceTree = "<group>";
		};
		B6DFCCE722E776A500881439 /* TunicUITests */ = {
			isa = PBXGroup;
			children = (
				B6DFCCE822E776A500881439 /* TunicUITests.swift */,
				B6DFCCEA22E776A500881439 /* Info.plist */,
			);
			path = TunicUITests;
			sourceTree = "<group>";
		};
/* End PBXGroup section */

/* Begin PBXNativeTarget section */
		B6DFCCC422E776A400881439 /* Tunic */ = {
			isa = PBXNativeTarget;
			buildConfigurationList = B6DFCCED22E776A500881439 /* Build configuration list for PBXNativeTarget "Tunic" */;
			buildPhases = (
				B6DFCCC122E776A400881439 /* Sources */,
				B6DFCCC222E776A400881439 /* Frameworks */,
				B6DFCCC322E776A400881439 /* Resources */,
			);
			buildRules = (
			);
			dependencies = (
			);
			name = Tunic;
			productName = Tunic;
			productReference = B6DFCCC522E776A400881439 /* Tunic.app */;
			productType = "com.apple.product-type.application";
		};
		B6DFCCD822E776A500881439 /* TunicTests */ = {
			isa = PBXNativeTarget;
			buildConfigurationList = B6DFCCF022E776A500881439 /* Build configuration list for PBXNativeTarget "TunicTests" */;
			buildPhases = (
				B6DFCCD522E776A500881439 /* Sources */,
				B6DFCCD622E776A500881439 /* Frameworks */,
				B6DFCCD722E776A500881439 /* Resources */,
			);
			buildRules = (
			);
			dependencies = (
				B6DFCCDB22E776A500881439 /* PBXTargetDependency */,
			);
			name = TunicTests;
			productName = TunicTests;
			productReference = B6DFCCD922E776A500881439 /* TunicTests.xctest */;
			productType = "com.apple.product-type.bundle.unit-test";
		};
		B6DFCCE322E776A500881439 /* TunicUITests */ = {
			isa = PBXNativeTarget;
			buildConfigurationList = B6DFCCF322E776A500881439 /* Build configuration list for PBXNativeTarget "TunicUITests" */;
			buildPhases = (
				B6DFCCE022E776A500881439 /* Sources */,
				B6DFCCE122E776A500881439 /* Frameworks */,
				B6DFCCE222E776A500881439 /* Resources */,
			);
			buildRules = (
			);
			dependencies = (
				B6DFCCE622E776A500881439 /* PBXTargetDependency */,
			);
			name = TunicUITests;
			productName = TunicUITests;
			productReference = B6DFCCE422E776A500881439 /* TunicUITests.xctest */;
			productType = "com.apple.product-type.bundle.ui-testing";
		};
/* End PBXNativeTarget section */

/* Begin PBXProject section */
		B6DFCCBD22E776A400881439 /* Project object */ = {
			isa = PBXProject;
			attributes = {
				LastSwiftUpdateCheck = 1030;
				LastUpgradeCheck = 1030;
				ORGANIZATIONNAME = "The Better Fish Orchestra";
				TargetAttributes = {
					B6DFCCC422E776A400881439 = {
						CreatedOnToolsVersion = 10.3;
					};
					B6DFCCD822E776A500881439 = {
						CreatedOnToolsVersion = 10.3;
						TestTargetID = B6DFCCC422E776A400881439;
					};
					B6DFCCE322E776A500881439 = {
						CreatedOnToolsVersion = 10.3;
						TestTargetID = B6DFCCC422E776A400881439;
					};
				};
			};
			buildConfigurationList = B6DFCCC022E776A400881439 /* Build configuration list for PBXProject "Tunic" */;
			compatibilityVersion = "Xcode 9.3";
			developmentRegion = en;
			hasScannedForEncodings = 0;
			knownRegions = (
				en,
				Base,
			);
			mainGroup = B6DFCCBC22E776A400881439;
			productRefGroup = B6DFCCC622E776A400881439 /* Products */;
			projectDirPath = "";
			projectRoot = "";
			targets = (
				B6DFCCC422E776A400881439 /* Tunic */,
				B6DFCCD822E776A500881439 /* TunicTests */,
				B6DFCCE322E776A500881439 /* TunicUITests */,
			);
		};
/* End PBXProject section */

/* Begin PBXResourcesBuildPhase section */
		B6DFCCC322E776A400881439 /* Resources */ = {
			isa = PBXResourcesBuildPhase;
			buildActionMask = 2147483647;
			files = (
				B6DFCCD322E776A500881439 /* LaunchScreen.storyboard in Resources */,
				B6DFCCD022E776A500881439 /* Assets.xcassets in Resources */,
				B6DFCCCE22E776A400881439 /* Main.storyboard in Resources */,
			);
			runOnlyForDeploymentPostprocessing = 0;
		};
		B6DFCCD722E776A500881439 /* Resources */ = {
			isa = PBXResourcesBuildPhase;
			buildActionMask = 2147483647;
			files = (
			);
			runOnlyForDeploymentPostprocessing = 0;
		};
		B6DFCCE222E776A500881439 /* Resources */ = {
			isa = PBXResourcesBuildPhase;
			buildActionMask = 2147483647;
			files = (
			);
			runOnlyForDeploymentPostprocessing = 0;
		};
/* End PBXResourcesBuildPhase section */

/* Begin PBXSourcesBuildPhase section */
		B6DFCCC122E776A400881439 /* Sources */ = {
			isa = PBXSourcesBuildPhase;
			buildActionMask = 2147483647;
			files = (
				B6DFCCCB22E776A400881439 /* ViewController.swift in Sources */,
				B6DFCCC922E776A400881439 /* AppDelegate.swift in Sources */,
			);
			runOnlyForDeploymentPostprocessing = 0;
		};
		B6DFCCD522E776A500881439 /* Sources */ = {
			isa = PBXSourcesBuildPhase;
			buildActionMask = 2147483647;
			files = (
				B6DFCCDE22E776A500881439 /* TunicTests.swift in Sources */,
			);
			runOnlyForDeploymentPostprocessing = 0;
		};
		B6DFCCE022E776A500881439 /* Sources */ = {
			isa = PBXSourcesBuildPhase;
			buildActionMask = 2147483647;
			files = (
				B6DFCCE922E776A500881439 /* TunicUITests.swift in Sources */,
			);
			runOnlyForDeploymentPostprocessing = 0;
		};
/* End PBXSourcesBuildPhase section */

/* Begin PBXTargetDependency section */
		B6DFCCDB22E776A500881439 /* PBXTargetDependency */ = {
			isa = PBXTargetDependency;
			target = B6DFCCC422E776A400881439 /* Tunic */;
			targetProxy = B6DFCCDA22E776A500881439 /* PBXContainerItemProxy */;
		};
		B6DFCCE622E776A500881439 /* PBXTargetDependency */ = {
			isa = PBXTargetDependency;
			target = B6DFCCC422E776A400881439 /* Tunic */;
			targetProxy = B6DFCCE522E776A500881439 /* PBXContainerItemProxy */;
		};
/* End PBXTargetDependency section */

/* Begin PBXVariantGroup section */
		B6DFCCCC22E776A400881439 /* Main.storyboard */ = {
			isa = PBXVariantGroup;
			children = (
				B6DFCCCD22E776A400881439 /* Base */,
			);
			name = Main.storyboard;
			sourceTree = "<group>";
		};
		B6DFCCD122E776A500881439 /* LaunchScreen.storyboard */ = {
			isa = PBXVariantGroup;
			children = (
				B6DFCCD222E776A500881439 /* Base */,
			);
			name = LaunchScreen.storyboard;
			sourceTree = "<group>";
		};
/* End PBXVariantGroup section */

/* Begin XCBuildConfiguration section */
		B6DFCCEB22E776A500881439 /* Debug */ = {
			isa = XCBuildConfiguration;
			buildSettings = {
				ALWAYS_SEARCH_USER_PATHS = NO;
				CLANG_ANALYZER_NONNULL = YES;
				CLANG_ANALYZER_NUMBER_OBJECT_CONVERSION = YES_AGGRESSIVE;
				CLANG_CXX_LANGUAGE_STANDARD = "gnu++14";
				CLANG_CXX_LIBRARY = "libc++";
				CLANG_ENABLE_MODULES = YES;
				CLANG_ENABLE_OBJC_ARC = YES;
				CLANG_ENABLE_OBJC_WEAK = YES;
				CLANG_WARN_BLOCK_CAPTURE_AUTORELEASING = YES;
				CLANG_WARN_BOOL_CONVERSION = YES;
				CLANG_WARN_COMMA = YES;
				CLANG_WARN_CONSTANT_CONVERSION = YES;
				CLANG_WARN_DEPRECATED_OBJC_IMPLEMENTATIONS = YES;
				CLANG_WARN_DIRECT_OBJC_ISA_USAGE = YES_ERROR;
				CLANG_WARN_DOCUMENTATION_COMMENTS = YES;
				CLANG_WARN_EMPTY_BODY = YES;
				CLANG_WARN_ENUM_CONVERSION = YES;
				CLANG_WARN_INFINITE_RECURSION = YES;
				CLANG_WARN_INT_CONVERSION = YES;
				CLANG_WARN_NON_LITERAL_NULL_CONVERSION = YES;
				CLANG_WARN_OBJC_IMPLICIT_RETAIN_SELF = YES;
				CLANG_WARN_OBJC_LITERAL_CONVERSION = YES;
				CLANG_WARN_OBJC_ROOT_CLASS = YES_ERROR;
				CLANG_WARN_RANGE_LOOP_ANALYSIS = YES;
				CLANG_WARN_STRICT_PROTOTYPES = YES;
				CLANG_WARN_SUSPICIOUS_MOVE = YES;
				CLANG_WARN_UNGUARDED_AVAILABILITY = YES_AGGRESSIVE;
				CLANG_WARN_UNREACHABLE_CODE = YES;
				CLANG_WARN__DUPLICATE_METHOD_MATCH = YES;
				CODE_SIGN_IDENTITY = "iPhone Developer";
				COPY_PHASE_STRIP = NO;
				DEBUG_INFORMATION_FORMAT = dwarf;
				ENABLE_STRICT_OBJC_MSGSEND = YES;
				ENABLE_TESTABILITY = YES;
				GCC_C_LANGUAGE_STANDARD = gnu11;
				GCC_DYNAMIC_NO_PIC = NO;
				GCC_NO_COMMON_BLOCKS = YES;
				GCC_OPTIMIZATION_LEVEL = 0;
				GCC_PREPROCESSOR_DEFINITIONS = (
					"DEBUG=1",
					"$(inherited)",
				);
				GCC_WARN_64_TO_32_BIT_CONVERSION = YES;
				GCC_WARN_ABOUT_RETURN_TYPE = YES_ERROR;
				GCC_WARN_UNDECLARED_SELECTOR = YES;
				GCC_WARN_UNINITIALIZED_AUTOS = YES_AGGRESSIVE;
				GCC_WARN_UNUSED_FUNCTION = YES;
				GCC_WARN_UNUSED_VARIABLE = YES;
				IPHONEOS_DEPLOYMENT_TARGET = 12.4;
				MTL_ENABLE_DEBUG_INFO = INCLUDE_SOURCE;
				MTL_FAST_MATH = YES;
				ONLY_ACTIVE_ARCH = YES;
				SDKROOT = iphoneos;
				SWIFT_ACTIVE_COMPILATION_CONDITIONS = DEBUG;
				SWIFT_OPTIMIZATION_LEVEL = "-Onone";
			};
			name = Debug;
		};
		B6DFCCEC22E776A500881439 /* Release */ = {
			isa = XCBuildConfiguration;
			buildSettings = {
				ALWAYS_SEARCH_USER_PATHS = NO;
				CLANG_ANALYZER_NONNULL = YES;
				CLANG_ANALYZER_NUMBER_OBJECT_CONVERSION = YES_AGGRESSIVE;
				CLANG_CXX_LANGUAGE_STANDARD = "gnu++14";
				CLANG_CXX_LIBRARY = "libc++";
				CLANG_ENABLE_MODULES = YES;
				CLANG_ENABLE_OBJC_ARC = YES;
				CLANG_ENABLE_OBJC_WEAK = YES;
				CLANG_WARN_BLOCK_CAPTURE_AUTORELEASING = YES;
				CLANG_WARN_BOOL_CONVERSION = YES;
				CLANG_WARN_COMMA = YES;
				CLANG_WARN_CONSTANT_CONVERSION = YES;
				CLANG_WARN_DEPRECATED_OBJC_IMPLEMENTATIONS = YES;
				CLANG_WARN_DIRECT_OBJC_ISA_USAGE = YES_ERROR;
				CLANG_WARN_DOCUMENTATION_COMMENTS = YES;
				CLANG_WARN_EMPTY_BODY = YES;
				CLANG_WARN_ENUM_CONVERSION = YES;
				CLANG_WARN_INFINITE_RECURSION = YES;
				CLANG_WARN_INT_CONVERSION = YES;
				CLANG_WARN_NON_LITERAL_NULL_CONVERSION = YES;
				CLANG_WARN_OBJC_IMPLICIT_RETAIN_SELF = YES;
				CLANG_WARN_OBJC_LITERAL_CONVERSION = YES;
				CLANG_WARN_OBJC_ROOT_CLASS = YES_ERROR;
				CLANG_WARN_RANGE_LOOP_ANALYSIS = YES;
				CLANG_WARN_STRICT_PROTOTYPES = YES;
				CLANG_WARN_SUSPICIOUS_MOVE = YES;
				CLANG_WARN_UNGUARDED_AVAILABILITY = YES_AGGRESSIVE;
				CLANG_WARN_UNREACHABLE_CODE = YES;
				CLANG_WARN__DUPLICATE_METHOD_MATCH = YES;
				CODE_SIGN_IDENTITY = "iPhone Developer";
				COPY_PHASE_STRIP = NO;
				DEBUG_INFORMATION_FORMAT = "dwarf-with-dsym";
				ENABLE_NS_ASSERTIONS = NO;
				ENABLE_STRICT_OBJC_MSGSEND = YES;
				GCC_C_LANGUAGE_STANDARD = gnu11;
				GCC_NO_COMMON_BLOCKS = YES;
				GCC_WARN_64_TO_32_BIT_CONVERSION = YES;
				GCC_WARN_ABOUT_RETURN_TYPE = YES_ERROR;
				GCC_WARN_UNDECLARED_SELECTOR = YES;
				GCC_WARN_UNINITIALIZED_AUTOS = YES_AGGRESSIVE;
				GCC_WARN_UNUSED_FUNCTION = YES;
				GCC_WARN_UNUSED_VARIABLE = YES;
				IPHONEOS_DEPLOYMENT_TARGET = 12.4;
				MTL_ENABLE_DEBUG_INFO = NO;
				MTL_FAST_MATH = YES;
				SDKROOT = iphoneos;
				SWIFT_COMPILATION_MODE = wholemodule;
				SWIFT_OPTIMIZATION_LEVEL = "-O";
				VALIDATE_PRODUCT = YES;
			};
			name = Release;
		};
		B6DFCCEE22E776A500881439 /* Debug */ = {
			isa = XCBuildConfiguration;
			buildSettings = {
				ASSETCATALOG_COMPILER_APPICON_NAME = AppIcon;
				CODE_SIGN_STYLE = Automatic;
				INFOPLIST_FILE = Tunic/Info.plist;
				LD_RUNPATH_SEARCH_PATHS = (
					"$(inherited)",
					"@executable_path/Frameworks",
				);
				PRODUCT_BUNDLE_IDENTIFIER = com.betterfish.Tunic;
				PRODUCT_NAME = "$(TARGET_NAME)";
				SWIFT_VERSION = 5.0;
				TARGETED_DEVICE_FAMILY = "1,2";
			};
			name = Debug;
		};
		B6DFCCEF22E776A500881439 /* Release */ = {
			isa = XCBuildConfiguration;
			buildSettings = {
				ASSETCATALOG_COMPILER_APPICON_NAME = AppIcon;
				CODE_SIGN_STYLE = Automatic;
				INFOPLIST_FILE = Tunic/Info.plist;
				LD_RUNPATH_SEARCH_PATHS = (
					"$(inherited)",
					"@executable_path/Frameworks",
				);
				PRODUCT_BUNDLE_IDENTIFIER = com.betterfish.Tunic;
				PRODUCT_NAME = "$(TARGET_NAME)";
				SWIFT_VERSION = 5.0;
				TARGETED_DEVICE_FAMILY = "1,2";
			};
			name = Release;
		};
		B6DFCCF122E776A500881439 /* Debug */ = {
			isa = XCBuildConfiguration;
			buildSettings = {
				ALWAYS_EMBED_SWIFT_STANDARD_LIBRARIES = YES;
				BUNDLE_LOADER = "$(TEST_HOST)";
				CODE_SIGN_STYLE = Automatic;
				INFOPLIST_FILE = TunicTests/Info.plist;
				LD_RUNPATH_SEARCH_PATHS = (
					"$(inherited)",
					"@executable_path/Frameworks",
					"@loader_path/Frameworks",
				);
				PRODUCT_BUNDLE_IDENTIFIER = com.betterfish.TunicTests;
				PRODUCT_NAME = "$(TARGET_NAME)";
				SWIFT_VERSION = 5.0;
				TARGETED_DEVICE_FAMILY = "1,2";
				TEST_HOST = "$(BUILT_PRODUCTS_DIR)/Tunic.app/Tunic";
			};
			name = Debug;
		};
		B6DFCCF222E776A500881439 /* Release */ = {
			isa = XCBuildConfiguration;
			buildSettings = {
				ALWAYS_EMBED_SWIFT_STANDARD_LIBRARIES = YES;
				BUNDLE_LOADER = "$(TEST_HOST)";
				CODE_SIGN_STYLE = Automatic;
				INFOPLIST_FILE = TunicTests/Info.plist;
				LD_RUNPATH_SEARCH_PATHS = (
					"$(inherited)",
					"@executable_path/Frameworks",
					"@loader_path/Frameworks",
				);
				PRODUCT_BUNDLE_IDENTIFIER = com.betterfish.TunicTests;
				PRODUCT_NAME = "$(TARGET_NAME)";
				SWIFT_VERSION = 5.0;
				TARGETED_DEVICE_FAMILY = "1,2";
				TEST_HOST = "$(BUILT_PRODUCTS_DIR)/Tunic.app/Tunic";
			};
			name = Release;
		};
		B6DFCCF422E776A500881439 /* Debug */ = {
			isa = XCBuildConfiguration;
			buildSettings = {
				ALWAYS_EMBED_SWIFT_STANDARD_LIBRARIES = YES;
				CODE_SIGN_STYLE = Automatic;
				INFOPLIST_FILE = TunicUITests/Info.plist;
				LD_RUNPATH_SEARCH_PATHS = (
					"$(inherited)",
					"@executable_path/Frameworks",
					"@loader_path/Frameworks",
				);
				PRODUCT_BUNDLE_IDENTIFIER = com.betterfish.TunicUITests;
				PRODUCT_NAME = "$(TARGET_NAME)";
				SWIFT_VERSION = 5.0;
				TARGETED_DEVICE_FAMILY = "1,2";
				TEST_TARGET_NAME = Tunic;
			};
			name = Debug;
		};
		B6DFCCF522E776A500881439 /* Release */ = {
			isa = XCBuildConfiguration;
			buildSettings = {
				ALWAYS_EMBED_SWIFT_STANDARD_LIBRARIES = YES;
				CODE_SIGN_STYLE = Automatic;
				INFOPLIST_FILE = TunicUITests/Info.plist;
				LD_RUNPATH_SEARCH_PATHS = (
					"$(inherited)",
					"@executable_path/Frameworks",
					"@loader_path/Frameworks",
				);
				PRODUCT_BUNDLE_IDENTIFIER = com.betterfish.TunicUITests;
				PRODUCT_NAME = "$(TARGET_NAME)";
				SWIFT_VERSION = 5.0;
				TARGETED_DEVICE_FAMILY = "1,2";
				TEST_TARGET_NAME = Tunic;
			};
			name = Release;
		};
/* End XCBuildConfiguration section */

/* Begin XCConfigurationList section */
		B6DFCCC022E776A400881439 /* Build configuration list for PBXProject "Tunic" */ = {
			isa = XCConfigurationList;
			buildConfigurations = (
				B6DFCCEB22E776A500881439 /* Debug */,
				B6DFCCEC22E776A500881439 /* Release */,
			);
			defaultConfigurationIsVisible = 0;
			defaultConfigurationName = Release;
		};
		B6DFCCED22E776A500881439 /* Build configuration list for PBXNativeTarget "Tunic" */ = {
			isa = XCConfigurationList;
			buildConfigurations = (
				B6DFCCEE22E776A500881439 /* Debug */,
				B6DFCCEF22E776A500881439 /* Release */,
			);
			defaultConfigurationIsVisible = 0;
			defaultConfigurationName = Release;
		};
		B6DFCCF022E776A500881439 /* Build configuration list for PBXNativeTarget "TunicTests" */ = {
			isa = XCConfigurationList;
			buildConfigurations = (
				B6DFCCF122E776A500881439 /* Debug */,
				B6DFCCF222E776A500881439 /* Release */,
			);
			defaultConfigurationIsVisible = 0;
			defaultConfigurationName = Release;
		};
		B6DFCCF322E776A500881439 /* Build configuration list for PBXNativeTarget "TunicUITests" */ = {
			isa = XCConfigurationList;
			buildConfigurations = (
				B6DFCCF422E776A500881439 /* Debug */,
				B6DFCCF522E776A500881439 /* Release */,
			);
			defaultConfigurationIsVisible = 0;
			defaultConfigurationName = Release;
		};
/* End XCConfigurationList section */
	};
	rootObject = B6DFCCBD22E776A400881439 /* Project object */;
}
